
Microsoft Visual Studio Solution File, Format Version 12.00
# Visual Studio 15
VisualStudioVersion = 15.0.28307.271
MinimumVisualStudioVersion = 10.0.40219.1
Project("{9A19103F-16F7-4668-BE54-9A1E7A4F7556}") = "LeetCode", "LeetCode\LeetCode.csproj", "{0A736B98-493E-4B72-BFDE-50015BD8C22B}"
EndProject
Project("{9A19103F-16F7-4668-BE54-9A1E7A4F7556}") = "LeetCodeLambda", "LeetCodeLambda\LeetCodeLambda.csproj", "{C8AAD5D5-1CBF-42AB-A93C-ECB307FEECB2}"
EndProject
Global
	GlobalSection(SolutionConfigurationPlatforms) = preSolution
		Debug|Any CPU = Debug|Any CPU
		Release|Any CPU = Release|Any CPU
	EndGlobalSection
	GlobalSection(ProjectConfigurationPlatforms) = postSolution
		{0A736B98-493E-4B72-BFDE-50015BD8C22B}.Debug|Any CPU.ActiveCfg = Debug|Any CPU
		{0A736B98-493E-4B72-BFDE-50015BD8C22B}.Debug|Any CPU.Build.0 = Debug|Any CPU
		{0A736B98-493E-4B72-BFDE-50015BD8C22B}.Release|Any CPU.ActiveCfg = Release|Any CPU
		{0A736B98-493E-4B72-BFDE-50015BD8C22B}.Release|Any CPU.Build.0 = Release|Any CPU
		{C8AAD5D5-1CBF-42AB-A93C-ECB307FEECB2}.Debug|Any CPU.ActiveCfg = Debug|Any CPU
		{C8AAD5D5-1CBF-42AB-A93C-ECB307FEECB2}.Debug|Any CPU.Build.0 = Debug|Any CPU
		{C8AAD5D5-1CBF-42AB-A93C-ECB307FEECB2}.Release|Any CPU.ActiveCfg = Release|Any CPU
		{C8AAD5D5-1CBF-42AB-A93C-ECB307FEECB2}.Release|Any CPU.Build.0 = Release|Any CPU
	EndGlobalSection
	GlobalSection(SolutionProperties) = preSolution
		HideSolutionNode = FALSE
	EndGlobalSection
	GlobalSection(ExtensibilityGlobals) = postSolution
		SolutionGuid = {DCC12A3D-480F-4AED-943F-194D359845BF}
	EndGlobalSection
EndGlobal
